
Microsoft Visual Studio Solution File, Format Version 12.00
# Visual Studio Version 16
VisualStudioVersion = 16.0.30804.86
MinimumVisualStudioVersion = 10.0.40219.1
Project("{FAE04EC0-301F-11D3-BF4B-00C04F79EFBC}") = "EdwardHsu.Lab.CloudEvents", "EdwardHsu.Lab.CloudEvents\EdwardHsu.Lab.CloudEvents.csproj", "{D5EEC56C-BF37-4776-A130-C2EE59B90A21}"
EndProject
Project("{E53339B2-1760-4266-BCC7-CA923CBCF16C}") = "docker-compose", "docker-compose.dcproj", "{3D0264A4-7A3E-4AD8-829D-A1288CFFB145}"
EndProject
Global
	GlobalSection(SolutionConfigurationPlatforms) = preSolution
		Debug|Any CPU = Debug|Any CPU
		Release|Any CPU = Release|Any CPU
	EndGlobalSection
	GlobalSection(ProjectConfigurationPlatforms) = postSolution
		{D5EEC56C-BF37-4776-A130-C2EE59B90A21}.Debug|Any CPU.ActiveCfg = Debug|Any CPU
		{D5EEC56C-BF37-4776-A130-C2EE59B90A21}.Debug|Any CPU.Build.0 = Debug|Any CPU
		{D5EEC56C-BF37-4776-A130-C2EE59B90A21}.Release|Any CPU.ActiveCfg = Release|Any CPU
		{D5EEC56C-BF37-4776-A130-C2EE59B90A21}.Release|Any CPU.Build.0 = Release|Any CPU
		{3D0264A4-7A3E-4AD8-829D-A1288CFFB145}.Debug|Any CPU.ActiveCfg = Debug|Any CPU
		{3D0264A4-7A3E-4AD8-829D-A1288CFFB145}.Debug|Any CPU.Build.0 = Debug|Any CPU
		{3D0264A4-7A3E-4AD8-829D-A1288CFFB145}.Release|Any CPU.ActiveCfg = Release|Any CPU
		{3D0264A4-7A3E-4AD8-829D-A1288CFFB145}.Release|Any CPU.Build.0 = Release|Any CPU
	EndGlobalSection
	GlobalSection(SolutionProperties) = preSolution
		HideSolutionNode = FALSE
	EndGlobalSection
	GlobalSection(ExtensibilityGlobals) = postSolution
		SolutionGuid = {C7238912-F014-4F3B-81E1-CAD51BE94EF9}
	EndGlobalSection
EndGlobal
